
Microsoft Visual Studio Solution File, Format Version 12.00
# Visual Studio 2012
Project("{F088123C-0E9E-452A-89E6-6BA2F21D5CAC}") = "UML", "UML\UML.modelproj", "{4B0AE870-6862-45DD-B7B4-4DD2C4F761AF}"
EndProject
Project("{FAE04EC0-301F-11D3-BF4B-00C04F79EFBC}") = "Web", "Web\Web.csproj", "{9754D4DE-199C-44A6-9780-C45F39874E55}"
EndProject
Project("{FAE04EC0-301F-11D3-BF4B-00C04F79EFBC}") = "Membership", "Membership\Membership.csproj", "{A47F89EF-0381-43D7-9152-2F22177A613A}"
EndProject
Project("{FAE04EC0-301F-11D3-BF4B-00C04F79EFBC}") = "DAL", "DAL\DAL.csproj", "{FCD3557C-A394-4F51-87FD-CD7D23F099C7}"
EndProject
Project("{FAE04EC0-301F-11D3-BF4B-00C04F79EFBC}") = "Web.Tests", "Web.Tests\Web.Tests.csproj", "{B5E65AD3-9F01-4D56-B739-1C1F1FF8E94E}"
EndProject
Project("{FAE04EC0-301F-11D3-BF4B-00C04F79EFBC}") = "Membership.Tests", "Membership.Tests\Membership.Tests.csproj", "{E7760CCF-826D-4A01-941C-59777C21899D}"
EndProject
Global
	GlobalSection(SolutionConfigurationPlatforms) = preSolution
		Debug|Any CPU = Debug|Any CPU
		Release|Any CPU = Release|Any CPU
	EndGlobalSection
	GlobalSection(ProjectConfigurationPlatforms) = postSolution
		{4B0AE870-6862-45DD-B7B4-4DD2C4F761AF}.Debug|Any CPU.ActiveCfg = Debug|Any CPU
		{4B0AE870-6862-45DD-B7B4-4DD2C4F761AF}.Debug|Any CPU.Build.0 = Debug|Any CPU
		{4B0AE870-6862-45DD-B7B4-4DD2C4F761AF}.Release|Any CPU.ActiveCfg = Release|Any CPU
		{4B0AE870-6862-45DD-B7B4-4DD2C4F761AF}.Release|Any CPU.Build.0 = Release|Any CPU
		{9754D4DE-199C-44A6-9780-C45F39874E55}.Debug|Any CPU.ActiveCfg = Debug|Any CPU
		{9754D4DE-199C-44A6-9780-C45F39874E55}.Debug|Any CPU.Build.0 = Debug|Any CPU
		{9754D4DE-199C-44A6-9780-C45F39874E55}.Release|Any CPU.ActiveCfg = Release|Any CPU
		{9754D4DE-199C-44A6-9780-C45F39874E55}.Release|Any CPU.Build.0 = Release|Any CPU
		{A47F89EF-0381-43D7-9152-2F22177A613A}.Debug|Any CPU.ActiveCfg = Debug|Any CPU
		{A47F89EF-0381-43D7-9152-2F22177A613A}.Debug|Any CPU.Build.0 = Debug|Any CPU
		{A47F89EF-0381-43D7-9152-2F22177A613A}.Release|Any CPU.ActiveCfg = Release|Any CPU
		{A47F89EF-0381-43D7-9152-2F22177A613A}.Release|Any CPU.Build.0 = Release|Any CPU
		{FCD3557C-A394-4F51-87FD-CD7D23F099C7}.Debug|Any CPU.ActiveCfg = Debug|Any CPU
		{FCD3557C-A394-4F51-87FD-CD7D23F099C7}.Debug|Any CPU.Build.0 = Debug|Any CPU
		{FCD3557C-A394-4F51-87FD-CD7D23F099C7}.Release|Any CPU.ActiveCfg = Release|Any CPU
		{FCD3557C-A394-4F51-87FD-CD7D23F099C7}.Release|Any CPU.Build.0 = Release|Any CPU
		{B5E65AD3-9F01-4D56-B739-1C1F1FF8E94E}.Debug|Any CPU.ActiveCfg = Debug|Any CPU
		{B5E65AD3-9F01-4D56-B739-1C1F1FF8E94E}.Debug|Any CPU.Build.0 = Debug|Any CPU
		{B5E65AD3-9F01-4D56-B739-1C1F1FF8E94E}.Release|Any CPU.ActiveCfg = Release|Any CPU
		{B5E65AD3-9F01-4D56-B739-1C1F1FF8E94E}.Release|Any CPU.Build.0 = Release|Any CPU
		{E7760CCF-826D-4A01-941C-59777C21899D}.Debug|Any CPU.ActiveCfg = Debug|Any CPU
		{E7760CCF-826D-4A01-941C-59777C21899D}.Debug|Any CPU.Build.0 = Debug|Any CPU
		{E7760CCF-826D-4A01-941C-59777C21899D}.Release|Any CPU.ActiveCfg = Release|Any CPU
		{E7760CCF-826D-4A01-941C-59777C21899D}.Release|Any CPU.Build.0 = Release|Any CPU
	EndGlobalSection
	GlobalSection(SolutionProperties) = preSolution
		HideSolutionNode = FALSE
	EndGlobalSection
EndGlobal
